PODS:
  - ad_klein_flutter_sdk (0.0.4):
    - AdKleinSDK
    - Flutter
  - AdKleinSDK (3.5.1):
    - AdKleinSDK/AdKleinSDKCore (= 3.5.1)
  - AdKleinSDK/AdKleinSDKCore (3.5.1):
    - AdKleinSDK/AdKleinSDKFoundation
    - AdKleinSDK/NxPerfSDK
  - AdKleinSDK/AdKleinSDKFoundation (3.5.1)
  - AdKleinSDK/AdKleinSDKPlatforms/CSJ (3.5.1):
    - AdKleinSDK/AdKleinSDKCore
    - Ads-CN (~> 4.0.0.5)
  - AdKleinSDK/AdKleinSDKPlatforms/GDT (3.5.1):
    - AdKleinSDK/AdKleinSDKCore
    - GDTMobSDK (~> 4.13.26)
  - AdKleinSDK/AdKleinSDKPlatforms/Mobius (3.5.1):
    - AdKleinSDK/AdKleinSDKCore
    - AdKleinSDK/AdMobiusSDK
  - AdKleinSDK/AdMobiusSDK (3.5.1)
  - AdKleinSDK/NxPerfSDK (3.5.1)
  - Ads-CN (4.0.0.5):
    - Ads-CN/BUAdSDK (= 4.0.0.5)
  - Ads-CN/BUAdSDK (4.0.0.5):
    - Ads-CN/BUFoundation
    - Ads-CN/Domestic
  - Ads-CN/BUFoundation (4.0.0.5)
  - Ads-CN/Domestic (4.0.0.5)
  - app_tracking_transparency (0.0.1):
    - Flutter
  - Flutter (1.0.0)
  - GDTMobSDK (4.13.33):
    - GDTMobSDK/GDTMobSDK (= 4.13.33)
  - GDTMobSDK/GDTMobSDK (4.13.33)

DEPENDENCIES:
  - ad_klein_flutter_sdk (from `.symlinks/plugins/ad_klein_flutter_sdk/ios`)
  - AdKleinSDK/AdKleinSDKPlatforms/CSJ
  - AdKleinSDK/AdKleinSDKPlatforms/GDT
  - AdKleinSDK/AdKleinSDKPlatforms/Mobius
  - app_tracking_transparency (from `.symlinks/plugins/app_tracking_transparency/ios`)
  - Flutter (from `Flutter`)

SPEC REPOS:
  trunk:
    - AdKleinSDK
    - Ads-CN
    - GDTMobSDK

EXTERNAL SOURCES:
  ad_klein_flutter_sdk:
    :path: ".symlinks/plugins/ad_klein_flutter_sdk/ios"
  app_tracking_transparency:
    :path: ".symlinks/plugins/app_tracking_transparency/ios"
  Flutter:
    :path: Flutter

SPEC CHECKSUMS:
  ad_klein_flutter_sdk: 3025a935652869d855bef1787c8c43e07d7036d0
  AdKleinSDK: e5ed282382f71c0886aa2f31a1eb1fea5c0cb1b7
  Ads-CN: 85c20c8e557b01f30bd0e1cb68244b90b061a8d5
  app_tracking_transparency: 5b1745ef9ade815f7455cb6a0848349589afb7c5
  Flutter: 434fef37c0980e73bb6479ef766c45957d4b510c
  GDTMobSDK: 1364a87c6b80ed2402d025ea46ac56c362401494

PODFILE CHECKSUM: 869f963223189a9115fa4be9734df93e00055bf1

COCOAPODS: 1.10.2
